
Microsoft Visual Studio Solution File, Format Version 12.00
# Visual Studio 15
VisualStudioVersion = 15.0.27703.2042
MinimumVisualStudioVersion = 10.0.40219.1
Project("{FAE04EC0-301F-11D3-BF4B-00C04F79EFBC}") = "BringAppToForeground", "BringAppToForeground\BringAppToForeground.csproj", "{432E299E-BB31-41EA-90E1-9A6C4D2BF307}"
EndProject
Global
	GlobalSection(SolutionConfigurationPlatforms) = preSolution
		Debug|Any CPU = Debug|Any CPU
		Release|Any CPU = Release|Any CPU
	EndGlobalSection
	GlobalSection(ProjectConfigurationPlatforms) = postSolution
		{432E299E-BB31-41EA-90E1-9A6C4D2BF307}.Debug|Any CPU.ActiveCfg = Debug|Any CPU
		{432E299E-BB31-41EA-90E1-9A6C4D2BF307}.Debug|Any CPU.Build.0 = Debug|Any CPU
		{432E299E-BB31-41EA-90E1-9A6C4D2BF307}.Release|Any CPU.ActiveCfg = Release|Any CPU
		{432E299E-BB31-41EA-90E1-9A6C4D2BF307}.Release|Any CPU.Build.0 = Release|Any CPU
	EndGlobalSection
	GlobalSection(SolutionProperties) = preSolution
		HideSolutionNode = FALSE
	EndGlobalSection
	GlobalSection(ExtensibilityGlobals) = postSolution
		SolutionGuid = {40E88042-6919-401B-998A-5F45F0964916}
	EndGlobalSection
EndGlobal
